
Microsoft Visual Studio Solution File, Format Version 12.00
# Visual Studio Version 17
VisualStudioVersion = 17.14.36221.1
MinimumVisualStudioVersion = 10.0.40219.1
Project("{8BC9CEB8-8B4A-11D0-8D11-00A0C91BC942}") = "Algorithm", "Algorithm.vcxproj", "{8C7BE506-C253-4647-96D1-BF14251552FB}"
EndProject
Project("{8BC9CEB8-8B4A-11D0-8D11-00A0C91BC942}") = "TBCPP_01_Palindrome", "TBCPP_01_Palindrome\TBCPP_01_Palindrome.vcxproj", "{F5332E6D-CBA9-4096-B4A8-CC384DCB26A1}"
EndProject
Project("{8BC9CEB8-8B4A-11D0-8D11-00A0C91BC942}") = "TBCPP_02_Floyd's_Triangle", "TBCPP_02_Floyd's_Triangle\TBCPP_02_Floyd's_Triangle.vcxproj", "{5EDDFE1F-D652-4D4B-A9AD-0E8FB72C03F7}"
EndProject
Project("{8BC9CEB8-8B4A-11D0-8D11-00A0C91BC942}") = "TBCPP_03_Finding_Num", "TBCPP_03_Finding_Num\TBCPP_03_Finding_Num.vcxproj", "{D847680E-D727-4995-943B-63ED3AF36BD5}"
EndProject
Project("{8BC9CEB8-8B4A-11D0-8D11-00A0C91BC942}") = "TBCPP_Lecture_01_Pointer", "TBCPP_Lecture_01_Pointer\TBCPP_Lecture_01_Pointer.vcxproj", "{661AB7FE-8763-490A-9085-D9DB6888D2D5}"
EndProject
Project("{8BC9CEB8-8B4A-11D0-8D11-00A0C91BC942}") = "TBCPP_Lecture_04_dynamicAssignment", "TBCPP_Lecture_04_dynamicAssignment\TBCPP_Lecture_04_dynamicAssignment.vcxproj", "{521D68BF-7162-4931-AE1F-4E35045E62F7}"
EndProject
Project("{8BC9CEB8-8B4A-11D0-8D11-00A0C91BC942}") = "TBCPP_Lecture_02_Function", "TBCPP_Lecture_02_Function\TBCPP_Lecture_02_Pointer.vcxproj", "{F801B17C-C994-4654-98ED-2BE7CC65B639}"
EndProject
Project("{8BC9CEB8-8B4A-11D0-8D11-00A0C91BC942}") = "BD_00_complexity", "BD_00_complexity\BD_00_complexity.vcxproj", "{666FD0B8-2163-4150-922C-A1ADF4F4C66E}"
EndProject
Project("{8BC9CEB8-8B4A-11D0-8D11-00A0C91BC942}") = "BKDG_01_02_Init", "BKDG_01_02_Init\BKDG_01_02_Init.vcxproj", "{CC156978-9F86-47E9-B7FB-FED7105712AE}"
EndProject
Project("{8BC9CEB8-8B4A-11D0-8D11-00A0C91BC942}") = "BKDG_03_Array", "BKDG_03_Array\BKDG_03_Array.vcxproj", "{417DC674-75E8-441F-BCDD-4C4740661C45}"
EndProject
Project("{8BC9CEB8-8B4A-11D0-8D11-00A0C91BC942}") = "BKDG_02_STL", "BKDG_02_STL\BKDG_02_STL.vcxproj", "{0D528198-6D3F-4311-8760-B80565B62079}"
EndProject
Project("{8BC9CEB8-8B4A-11D0-8D11-00A0C91BC942}") = "BKDG_04_List", "BKDG_04_List\BKDG_04_List.vcxproj", "{13D4C21B-39E1-4309-8382-783741D58386}"
EndProject
Global
	GlobalSection(SolutionConfigurationPlatforms) = preSolution
		Debug|x64 = Debug|x64
		Debug|x86 = Debug|x86
		Release|x64 = Release|x64
		Release|x86 = Release|x86
	EndGlobalSection
	GlobalSection(ProjectConfigurationPlatforms) = postSolution
		{8C7BE506-C253-4647-96D1-BF14251552FB}.Debug|x64.ActiveCfg = Debug|x64
		{8C7BE506-C253-4647-96D1-BF14251552FB}.Debug|x64.Build.0 = Debug|x64
		{8C7BE506-C253-4647-96D1-BF14251552FB}.Debug|x86.ActiveCfg = Debug|Win32
		{8C7BE506-C253-4647-96D1-BF14251552FB}.Debug|x86.Build.0 = Debug|Win32
		{8C7BE506-C253-4647-96D1-BF14251552FB}.Release|x64.ActiveCfg = Release|x64
		{8C7BE506-C253-4647-96D1-BF14251552FB}.Release|x64.Build.0 = Release|x64
		{8C7BE506-C253-4647-96D1-BF14251552FB}.Release|x86.ActiveCfg = Release|Win32
		{8C7BE506-C253-4647-96D1-BF14251552FB}.Release|x86.Build.0 = Release|Win32
		{F5332E6D-CBA9-4096-B4A8-CC384DCB26A1}.Debug|x64.ActiveCfg = Debug|x64
		{F5332E6D-CBA9-4096-B4A8-CC384DCB26A1}.Debug|x64.Build.0 = Debug|x64
		{F5332E6D-CBA9-4096-B4A8-CC384DCB26A1}.Debug|x86.ActiveCfg = Debug|Win32
		{F5332E6D-CBA9-4096-B4A8-CC384DCB26A1}.Debug|x86.Build.0 = Debug|Win32
		{F5332E6D-CBA9-4096-B4A8-CC384DCB26A1}.Release|x64.ActiveCfg = Release|x64
		{F5332E6D-CBA9-4096-B4A8-CC384DCB26A1}.Release|x64.Build.0 = Release|x64
		{F5332E6D-CBA9-4096-B4A8-CC384DCB26A1}.Release|x86.ActiveCfg = Release|Win32
		{F5332E6D-CBA9-4096-B4A8-CC384DCB26A1}.Release|x86.Build.0 = Release|Win32
		{5EDDFE1F-D652-4D4B-A9AD-0E8FB72C03F7}.Debug|x64.ActiveCfg = Debug|x64
		{5EDDFE1F-D652-4D4B-A9AD-0E8FB72C03F7}.Debug|x64.Build.0 = Debug|x64
		{5EDDFE1F-D652-4D4B-A9AD-0E8FB72C03F7}.Debug|x86.ActiveCfg = Debug|Win32
		{5EDDFE1F-D652-4D4B-A9AD-0E8FB72C03F7}.Debug|x86.Build.0 = Debug|Win32
		{5EDDFE1F-D652-4D4B-A9AD-0E8FB72C03F7}.Release|x64.ActiveCfg = Release|x64
		{5EDDFE1F-D652-4D4B-A9AD-0E8FB72C03F7}.Release|x64.Build.0 = Release|x64
		{5EDDFE1F-D652-4D4B-A9AD-0E8FB72C03F7}.Release|x86.ActiveCfg = Release|Win32
		{5EDDFE1F-D652-4D4B-A9AD-0E8FB72C03F7}.Release|x86.Build.0 = Release|Win32
		{D847680E-D727-4995-943B-63ED3AF36BD5}.Debug|x64.ActiveCfg = Debug|x64
		{D847680E-D727-4995-943B-63ED3AF36BD5}.Debug|x64.Build.0 = Debug|x64
		{D847680E-D727-4995-943B-63ED3AF36BD5}.Debug|x86.ActiveCfg = Debug|Win32
		{D847680E-D727-4995-943B-63ED3AF36BD5}.Debug|x86.Build.0 = Debug|Win32
		{D847680E-D727-4995-943B-63ED3AF36BD5}.Release|x64.ActiveCfg = Release|x64
		{D847680E-D727-4995-943B-63ED3AF36BD5}.Release|x64.Build.0 = Release|x64
		{D847680E-D727-4995-943B-63ED3AF36BD5}.Release|x86.ActiveCfg = Release|Win32
		{D847680E-D727-4995-943B-63ED3AF36BD5}.Release|x86.Build.0 = Release|Win32
		{661AB7FE-8763-490A-9085-D9DB6888D2D5}.Debug|x64.ActiveCfg = Debug|x64
		{661AB7FE-8763-490A-9085-D9DB6888D2D5}.Debug|x64.Build.0 = Debug|x64
		{661AB7FE-8763-490A-9085-D9DB6888D2D5}.Debug|x86.ActiveCfg = Debug|Win32
		{661AB7FE-8763-490A-9085-D9DB6888D2D5}.Debug|x86.Build.0 = Debug|Win32
		{661AB7FE-8763-490A-9085-D9DB6888D2D5}.Release|x64.ActiveCfg = Release|x64
		{661AB7FE-8763-490A-9085-D9DB6888D2D5}.Release|x64.Build.0 = Release|x64
		{661AB7FE-8763-490A-9085-D9DB6888D2D5}.Release|x86.ActiveCfg = Release|Win32
		{661AB7FE-8763-490A-9085-D9DB6888D2D5}.Release|x86.Build.0 = Release|Win32
		{521D68BF-7162-4931-AE1F-4E35045E62F7}.Debug|x64.ActiveCfg = Debug|x64
		{521D68BF-7162-4931-AE1F-4E35045E62F7}.Debug|x64.Build.0 = Debug|x64
		{521D68BF-7162-4931-AE1F-4E35045E62F7}.Debug|x86.ActiveCfg = Debug|Win32
		{521D68BF-7162-4931-AE1F-4E35045E62F7}.Debug|x86.Build.0 = Debug|Win32
		{521D68BF-7162-4931-AE1F-4E35045E62F7}.Release|x64.ActiveCfg = Release|x64
		{521D68BF-7162-4931-AE1F-4E35045E62F7}.Release|x64.Build.0 = Release|x64
		{521D68BF-7162-4931-AE1F-4E35045E62F7}.Release|x86.ActiveCfg = Release|Win32
		{521D68BF-7162-4931-AE1F-4E35045E62F7}.Release|x86.Build.0 = Release|Win32
		{F801B17C-C994-4654-98ED-2BE7CC65B639}.Debug|x64.ActiveCfg = Debug|x64
		{F801B17C-C994-4654-98ED-2BE7CC65B639}.Debug|x64.Build.0 = Debug|x64
		{F801B17C-C994-4654-98ED-2BE7CC65B639}.Debug|x86.ActiveCfg = Debug|Win32
		{F801B17C-C994-4654-98ED-2BE7CC65B639}.Debug|x86.Build.0 = Debug|Win32
		{F801B17C-C994-4654-98ED-2BE7CC65B639}.Release|x64.ActiveCfg = Release|x64
		{F801B17C-C994-4654-98ED-2BE7CC65B639}.Release|x64.Build.0 = Release|x64
		{F801B17C-C994-4654-98ED-2BE7CC65B639}.Release|x86.ActiveCfg = Release|Win32
		{F801B17C-C994-4654-98ED-2BE7CC65B639}.Release|x86.Build.0 = Release|Win32
		{666FD0B8-2163-4150-922C-A1ADF4F4C66E}.Debug|x64.ActiveCfg = Debug|x64
		{666FD0B8-2163-4150-922C-A1ADF4F4C66E}.Debug|x64.Build.0 = Debug|x64
		{666FD0B8-2163-4150-922C-A1ADF4F4C66E}.Debug|x86.ActiveCfg = Debug|Win32
		{666FD0B8-2163-4150-922C-A1ADF4F4C66E}.Debug|x86.Build.0 = Debug|Win32
		{666FD0B8-2163-4150-922C-A1ADF4F4C66E}.Release|x64.ActiveCfg = Release|x64
		{666FD0B8-2163-4150-922C-A1ADF4F4C66E}.Release|x64.Build.0 = Release|x64
		{666FD0B8-2163-4150-922C-A1ADF4F4C66E}.Release|x86.ActiveCfg = Release|Win32
		{666FD0B8-2163-4150-922C-A1ADF4F4C66E}.Release|x86.Build.0 = Release|Win32
		{CC156978-9F86-47E9-B7FB-FED7105712AE}.Debug|x64.ActiveCfg = Debug|x64
		{CC156978-9F86-47E9-B7FB-FED7105712AE}.Debug|x64.Build.0 = Debug|x64
		{CC156978-9F86-47E9-B7FB-FED7105712AE}.Debug|x86.ActiveCfg = Debug|Win32
		{CC156978-9F86-47E9-B7FB-FED7105712AE}.Debug|x86.Build.0 = Debug|Win32
		{CC156978-9F86-47E9-B7FB-FED7105712AE}.Release|x64.ActiveCfg = Release|x64
		{CC156978-9F86-47E9-B7FB-FED7105712AE}.Release|x64.Build.0 = Release|x64
		{CC156978-9F86-47E9-B7FB-FED7105712AE}.Release|x86.ActiveCfg = Release|Win32
		{CC156978-9F86-47E9-B7FB-FED7105712AE}.Release|x86.Build.0 = Release|Win32
		{417DC674-75E8-441F-BCDD-4C4740661C45}.Debug|x64.ActiveCfg = Debug|x64
		{417DC674-75E8-441F-BCDD-4C4740661C45}.Debug|x64.Build.0 = Debug|x64
		{417DC674-75E8-441F-BCDD-4C4740661C45}.Debug|x86.ActiveCfg = Debug|Win32
		{417DC674-75E8-441F-BCDD-4C4740661C45}.Debug|x86.Build.0 = Debug|Win32
		{417DC674-75E8-441F-BCDD-4C4740661C45}.Release|x64.ActiveCfg = Release|x64
		{417DC674-75E8-441F-BCDD-4C4740661C45}.Release|x64.Build.0 = Release|x64
		{417DC674-75E8-441F-BCDD-4C4740661C45}.Release|x86.ActiveCfg = Release|Win32
		{417DC674-75E8-441F-BCDD-4C4740661C45}.Release|x86.Build.0 = Release|Win32
		{0D528198-6D3F-4311-8760-B80565B62079}.Debug|x64.ActiveCfg = Debug|x64
		{0D528198-6D3F-4311-8760-B80565B62079}.Debug|x64.Build.0 = Debug|x64
		{0D528198-6D3F-4311-8760-B80565B62079}.Debug|x86.ActiveCfg = Debug|Win32
		{0D528198-6D3F-4311-8760-B80565B62079}.Debug|x86.Build.0 = Debug|Win32
		{0D528198-6D3F-4311-8760-B80565B62079}.Release|x64.ActiveCfg = Release|x64
		{0D528198-6D3F-4311-8760-B80565B62079}.Release|x64.Build.0 = Release|x64
		{0D528198-6D3F-4311-8760-B80565B62079}.Release|x86.ActiveCfg = Release|Win32
		{0D528198-6D3F-4311-8760-B80565B62079}.Release|x86.Build.0 = Release|Win32
		{13D4C21B-39E1-4309-8382-783741D58386}.Debug|x64.ActiveCfg = Debug|x64
		{13D4C21B-39E1-4309-8382-783741D58386}.Debug|x64.Build.0 = Debug|x64
		{13D4C21B-39E1-4309-8382-783741D58386}.Debug|x86.ActiveCfg = Debug|Win32
		{13D4C21B-39E1-4309-8382-783741D58386}.Debug|x86.Build.0 = Debug|Win32
		{13D4C21B-39E1-4309-8382-783741D58386}.Release|x64.ActiveCfg = Release|x64
		{13D4C21B-39E1-4309-8382-783741D58386}.Release|x64.Build.0 = Release|x64
		{13D4C21B-39E1-4309-8382-783741D58386}.Release|x86.ActiveCfg = Release|Win32
		{13D4C21B-39E1-4309-8382-783741D58386}.Release|x86.Build.0 = Release|Win32
		{CC156978-9F86-47E9-B7FB-FED7105712AE}.Debug|x64.ActiveCfg = Debug|x64
		{CC156978-9F86-47E9-B7FB-FED7105712AE}.Debug|x64.Build.0 = Debug|x64
		{CC156978-9F86-47E9-B7FB-FED7105712AE}.Debug|x86.ActiveCfg = Debug|Win32
		{CC156978-9F86-47E9-B7FB-FED7105712AE}.Debug|x86.Build.0 = Debug|Win32
		{CC156978-9F86-47E9-B7FB-FED7105712AE}.Release|x64.ActiveCfg = Release|x64
		{CC156978-9F86-47E9-B7FB-FED7105712AE}.Release|x64.Build.0 = Release|x64
		{CC156978-9F86-47E9-B7FB-FED7105712AE}.Release|x86.ActiveCfg = Release|Win32
		{CC156978-9F86-47E9-B7FB-FED7105712AE}.Release|x86.Build.0 = Release|Win32
	EndGlobalSection
	GlobalSection(SolutionProperties) = preSolution
		HideSolutionNode = FALSE
	EndGlobalSection
	GlobalSection(ExtensibilityGlobals) = postSolution
		SolutionGuid = {18FB15B0-130A-4361-937F-F765922163F0}
	EndGlobalSection
EndGlobal
